
Microsoft Visual Studio Solution File, Format Version 10.00
# Visual C++ Express 2008
Project("{8BC9CEB8-8B4A-11D0-8D11-00A0C91BC942}") = "pvQt_1", "pvQt_1\pvQt_1.vcproj", "{A70594CC-2C31-4F76-AC81-DB3B0475F57E}"
EndProject
Global
	GlobalSection(SolutionConfigurationPlatforms) = preSolution
		Debug|Win32 = Debug|Win32
		Release|Win32 = Release|Win32
	EndGlobalSection
	GlobalSection(ProjectConfigurationPlatforms) = postSolution
		{A70594CC-2C31-4F76-AC81-DB3B0475F57E}.Debug|Win32.ActiveCfg = Debug|Win32
		{A70594CC-2C31-4F76-AC81-DB3B0475F57E}.Debug|Win32.Build.0 = Debug|Win32
		{A70594CC-2C31-4F76-AC81-DB3B0475F57E}.Release|Win32.ActiveCfg = Release|Win32
		{A70594CC-2C31-4F76-AC81-DB3B0475F57E}.Release|Win32.Build.0 = Release|Win32
	EndGlobalSection
	GlobalSection(SolutionProperties) = preSolution
		HideSolutionNode = FALSE
	EndGlobalSection
EndGlobal
